
Microsoft Visual Studio Solution File, Format Version 12.00
# Visual Studio 15
VisualStudioVersion = 15.0.28307.539
MinimumVisualStudioVersion = 10.0.40219.1
Project("{8BC9CEB8-8B4A-11D0-8D11-00A0C91BC942}") = "MongoDbTest", "test\test.vcxproj", "{7C3E6624-40A3-4D48-BD7A-2E626310C7D1}"
EndProject
Global
	GlobalSection(SolutionConfigurationPlatforms) = preSolution
		Debug|x64 = Debug|x64
		Debug|x86 = Debug|x86
		Release|x64 = Release|x64
		Release|x86 = Release|x86
	EndGlobalSection
	GlobalSection(ProjectConfigurationPlatforms) = postSolution
		{7C3E6624-40A3-4D48-BD7A-2E626310C7D1}.Debug|x64.ActiveCfg = Debug|x64
		{7C3E6624-40A3-4D48-BD7A-2E626310C7D1}.Debug|x64.Build.0 = Debug|x64
		{7C3E6624-40A3-4D48-BD7A-2E626310C7D1}.Debug|x86.ActiveCfg = Debug|Win32
		{7C3E6624-40A3-4D48-BD7A-2E626310C7D1}.Debug|x86.Build.0 = Debug|Win32
		{7C3E6624-40A3-4D48-BD7A-2E626310C7D1}.Release|x64.ActiveCfg = Release|x64
		{7C3E6624-40A3-4D48-BD7A-2E626310C7D1}.Release|x64.Build.0 = Release|x64
		{7C3E6624-40A3-4D48-BD7A-2E626310C7D1}.Release|x86.ActiveCfg = Release|Win32
		{7C3E6624-40A3-4D48-BD7A-2E626310C7D1}.Release|x86.Build.0 = Release|Win32
	EndGlobalSection
	GlobalSection(SolutionProperties) = preSolution
		HideSolutionNode = FALSE
	EndGlobalSection
	GlobalSection(ExtensibilityGlobals) = postSolution
		SolutionGuid = {5B0A9A12-23D2-4E94-8803-0C3486624345}
	EndGlobalSection
EndGlobal
